
Microsoft Visual Studio Solution File, Format Version 12.00
# Visual Studio 15
VisualStudioVersion = 15.0.26730.8
MinimumVisualStudioVersion = 10.0.40219.1
Project("{9A19103F-16F7-4668-BE54-9A1E7A4F7556}") = "GenericRepoExample", "GenericRepoExample\GenericRepoExample.csproj", "{69A2B216-FA59-4FB9-AD0F-421031847393}"
EndProject
Project("{FAE04EC0-301F-11D3-BF4B-00C04F79EFBC}") = "GenericRepoExample.RepoPattern", "GenericRepoExample.RepoPattern.EF\GenericRepoExample.RepoPattern.csproj", "{8898C203-0E5F-4B58-9A9F-64E05DBD99D8}"
EndProject
Project("{FAE04EC0-301F-11D3-BF4B-00C04F79EFBC}") = "GenericRepository.RepoPattern.EF", "GenericRepository.RepoPattern.EF\GenericRepository.RepoPattern.EF.csproj", "{77528C96-BB2F-4A95-8E0D-8C120DA75161}"
EndProject
Global
	GlobalSection(SolutionConfigurationPlatforms) = preSolution
		Debug|Any CPU = Debug|Any CPU
		Release|Any CPU = Release|Any CPU
	EndGlobalSection
	GlobalSection(ProjectConfigurationPlatforms) = postSolution
		{69A2B216-FA59-4FB9-AD0F-421031847393}.Debug|Any CPU.ActiveCfg = Debug|Any CPU
		{69A2B216-FA59-4FB9-AD0F-421031847393}.Debug|Any CPU.Build.0 = Debug|Any CPU
		{69A2B216-FA59-4FB9-AD0F-421031847393}.Release|Any CPU.ActiveCfg = Release|Any CPU
		{69A2B216-FA59-4FB9-AD0F-421031847393}.Release|Any CPU.Build.0 = Release|Any CPU
		{8898C203-0E5F-4B58-9A9F-64E05DBD99D8}.Debug|Any CPU.ActiveCfg = Debug|Any CPU
		{8898C203-0E5F-4B58-9A9F-64E05DBD99D8}.Debug|Any CPU.Build.0 = Debug|Any CPU
		{8898C203-0E5F-4B58-9A9F-64E05DBD99D8}.Release|Any CPU.ActiveCfg = Release|Any CPU
		{8898C203-0E5F-4B58-9A9F-64E05DBD99D8}.Release|Any CPU.Build.0 = Release|Any CPU
		{77528C96-BB2F-4A95-8E0D-8C120DA75161}.Debug|Any CPU.ActiveCfg = Debug|Any CPU
		{77528C96-BB2F-4A95-8E0D-8C120DA75161}.Debug|Any CPU.Build.0 = Debug|Any CPU
		{77528C96-BB2F-4A95-8E0D-8C120DA75161}.Release|Any CPU.ActiveCfg = Release|Any CPU
		{77528C96-BB2F-4A95-8E0D-8C120DA75161}.Release|Any CPU.Build.0 = Release|Any CPU
	EndGlobalSection
	GlobalSection(SolutionProperties) = preSolution
		HideSolutionNode = FALSE
	EndGlobalSection
	GlobalSection(ExtensibilityGlobals) = postSolution
		SolutionGuid = {423BE567-1599-4B7E-818C-F1403ECA8138}
	EndGlobalSection
EndGlobal
